# THIS IS AN AUTOGENERATED FILE. DO NOT EDIT THIS FILE DIRECTLY.
# yarn lockfile v1


"@elix/elix@next":
  version "1.0.0-dev.20170601a"
  resolved "https://registry.yarnpkg.com/@elix/elix/-/elix-1.0.0-dev.20170601a.tgz#7f65a03da804c55de3aa62b8d377a18e5c6820e4"

"@webcomponents/custom-elements@webcomponents/custom-elements#master":
  version "1.0.0-rc.4"
  resolved "https://codeload.github.com/webcomponents/custom-elements/tar.gz/1a67576345374222776c50141411fc4e63ecf717"

rollup@^0.41.6:
  version "0.41.6"
  resolved "https://registry.yarnpkg.com/rollup/-/rollup-0.41.6.tgz#e0d05497877a398c104d816d2733a718a7a94e2a"
  dependencies:
    source-map-support "^0.4.0"

source-map-support@^0.4.0:
  version "0.4.15"
  resolved "https://registry.yarnpkg.com/source-map-support/-/source-map-support-0.4.15.tgz#03202df65c06d2bd8c7ec2362a193056fef8d3b1"
  dependencies:
    source-map "^0.5.6"

source-map@^0.5.6:
  version "0.5.6"
  resolved "https://registry.yarnpkg.com/source-map/-/source-map-0.5.6.tgz#75ce38f52bf0733c5a7f0c118d81334a2bb5f412"

webcomponents.js@webcomponents/webcomponentsjs#1.0.0-rc.7:
  version "1.0.0-rc.7"
  resolved "https://codeload.github.com/webcomponents/webcomponentsjs/tar.gz/9b0c8b24b11d709fc6f725afe38250e682b86c4d"
